
Microsoft Visual Studio Solution File, Format Version 12.00
# Visual Studio 14
VisualStudioVersion = 14.0.25420.1
MinimumVisualStudioVersion = 10.0.40219.1
Project("{FAE04EC0-301F-11D3-BF4B-00C04F79EFBC}") = "iBuilding.RemoteLib.Http.Client", "iBuilding.RemoteLib.Http.Client\iBuilding.RemoteLib.Http.Client.csproj", "{5439A376-C20F-4572-B23D-B40DE268A067}"
EndProject
Project("{FAE04EC0-301F-11D3-BF4B-00C04F79EFBC}") = "App", "App\App.csproj", "{DE4FD9D5-CF9B-4EAE-BEAE-EAC00F98156F}"
EndProject
Project("{FAE04EC0-301F-11D3-BF4B-00C04F79EFBC}") = "iBuilding.RemoteLib.Ftp", "iBuilding.RemoteLib.Ftp\iBuilding.RemoteLib.Ftp.csproj", "{C6457C50-CE73-4E05-B0E8-9CCEA2158E10}"
EndProject
Project("{FAE04EC0-301F-11D3-BF4B-00C04F79EFBC}") = "iBuilding.RemoteLib.Http.Server", "iBuilding.RemoteLib.Http.Server\iBuilding.RemoteLib.Http.Server.csproj", "{4488CC2F-6CF0-448C-8BC0-7719E5F26C8F}"
EndProject
Global
	GlobalSection(SolutionConfigurationPlatforms) = preSolution
		Debug|Any CPU = Debug|Any CPU
		Release|Any CPU = Release|Any CPU
	EndGlobalSection
	GlobalSection(ProjectConfigurationPlatforms) = postSolution
		{5439A376-C20F-4572-B23D-B40DE268A067}.Debug|Any CPU.ActiveCfg = Debug|Any CPU
		{5439A376-C20F-4572-B23D-B40DE268A067}.Debug|Any CPU.Build.0 = Debug|Any CPU
		{5439A376-C20F-4572-B23D-B40DE268A067}.Release|Any CPU.ActiveCfg = Release|Any CPU
		{5439A376-C20F-4572-B23D-B40DE268A067}.Release|Any CPU.Build.0 = Release|Any CPU
		{DE4FD9D5-CF9B-4EAE-BEAE-EAC00F98156F}.Debug|Any CPU.ActiveCfg = Debug|Any CPU
		{DE4FD9D5-CF9B-4EAE-BEAE-EAC00F98156F}.Debug|Any CPU.Build.0 = Debug|Any CPU
		{DE4FD9D5-CF9B-4EAE-BEAE-EAC00F98156F}.Release|Any CPU.ActiveCfg = Release|Any CPU
		{DE4FD9D5-CF9B-4EAE-BEAE-EAC00F98156F}.Release|Any CPU.Build.0 = Release|Any CPU
		{C6457C50-CE73-4E05-B0E8-9CCEA2158E10}.Debug|Any CPU.ActiveCfg = Debug|Any CPU
		{C6457C50-CE73-4E05-B0E8-9CCEA2158E10}.Debug|Any CPU.Build.0 = Debug|Any CPU
		{C6457C50-CE73-4E05-B0E8-9CCEA2158E10}.Release|Any CPU.ActiveCfg = Release|Any CPU
		{C6457C50-CE73-4E05-B0E8-9CCEA2158E10}.Release|Any CPU.Build.0 = Release|Any CPU
		{4488CC2F-6CF0-448C-8BC0-7719E5F26C8F}.Debug|Any CPU.ActiveCfg = Debug|Any CPU
		{4488CC2F-6CF0-448C-8BC0-7719E5F26C8F}.Debug|Any CPU.Build.0 = Debug|Any CPU
		{4488CC2F-6CF0-448C-8BC0-7719E5F26C8F}.Release|Any CPU.ActiveCfg = Release|Any CPU
		{4488CC2F-6CF0-448C-8BC0-7719E5F26C8F}.Release|Any CPU.Build.0 = Release|Any CPU
	EndGlobalSection
	GlobalSection(SolutionProperties) = preSolution
		HideSolutionNode = FALSE
	EndGlobalSection
EndGlobal
